
Microsoft Visual Studio Solution File, Format Version 12.00
# Visual Studio 14
VisualStudioVersion = 14.0.25420.1
MinimumVisualStudioVersion = 10.0.40219.1
Project("{FAE04EC0-301F-11D3-BF4B-00C04F79EFBC}") = "RestLogger.Domain", "RestLogger.Domain\RestLogger.Domain.csproj", "{9780DAD2-4AE2-44E8-8B0C-68296B43F716}"
EndProject
Project("{FAE04EC0-301F-11D3-BF4B-00C04F79EFBC}") = "RestLogger.Infrastructure", "RestLogger.Infrastructure\RestLogger.Infrastructure.csproj", "{AAED4500-236F-4412-A9BC-6FC525F37205}"
EndProject
Project("{FAE04EC0-301F-11D3-BF4B-00C04F79EFBC}") = "RestLogger.Service", "RestLogger.Service\RestLogger.Service.csproj", "{BE57B837-893B-408A-935B-CAC00CD7D858}"
EndProject
Project("{FAE04EC0-301F-11D3-BF4B-00C04F79EFBC}") = "RestLogger.Storage", "RestLogger.Storage\RestLogger.Storage.csproj", "{A869DACB-62BD-4013-902F-8B04123ED82B}"
EndProject
Project("{FAE04EC0-301F-11D3-BF4B-00C04F79EFBC}") = "RestLogger.WebApi", "RestLogger.WebApi\RestLogger.WebApi.csproj", "{3937E238-021F-4E4C-B8A2-D01F58A29F3A}"
EndProject
Project("{2150E333-8FDC-42A3-9474-1A3956D46DE8}") = "Tests", "Tests", "{18A79B28-B1B8-408A-8992-781DA9E6E842}"
EndProject
Project("{FAE04EC0-301F-11D3-BF4B-00C04F79EFBC}") = "RestLogger.Tests.UnitTests", "RestLogger.Tests.UnitTests\RestLogger.Tests.UnitTests.csproj", "{810EDF6F-CE4C-4DB1-9938-0E7651ED33EE}"
EndProject
Project("{FAE04EC0-301F-11D3-BF4B-00C04F79EFBC}") = "RestLogger.Tests.IntegrationTests", "RestLogger.Tests.IntegrationTests\RestLogger.Tests.IntegrationTests.csproj", "{53C44451-496D-42C2-B5D7-E61492250CC1}"
EndProject
Global
	GlobalSection(SolutionConfigurationPlatforms) = preSolution
		Debug|Any CPU = Debug|Any CPU
		Release|Any CPU = Release|Any CPU
	EndGlobalSection
	GlobalSection(ProjectConfigurationPlatforms) = postSolution
		{9780DAD2-4AE2-44E8-8B0C-68296B43F716}.Debug|Any CPU.ActiveCfg = Debug|Any CPU
		{9780DAD2-4AE2-44E8-8B0C-68296B43F716}.Debug|Any CPU.Build.0 = Debug|Any CPU
		{9780DAD2-4AE2-44E8-8B0C-68296B43F716}.Release|Any CPU.ActiveCfg = Release|Any CPU
		{9780DAD2-4AE2-44E8-8B0C-68296B43F716}.Release|Any CPU.Build.0 = Release|Any CPU
		{AAED4500-236F-4412-A9BC-6FC525F37205}.Debug|Any CPU.ActiveCfg = Debug|Any CPU
		{AAED4500-236F-4412-A9BC-6FC525F37205}.Debug|Any CPU.Build.0 = Debug|Any CPU
		{AAED4500-236F-4412-A9BC-6FC525F37205}.Release|Any CPU.ActiveCfg = Release|Any CPU
		{AAED4500-236F-4412-A9BC-6FC525F37205}.Release|Any CPU.Build.0 = Release|Any CPU
		{BE57B837-893B-408A-935B-CAC00CD7D858}.Debug|Any CPU.ActiveCfg = Debug|Any CPU
		{BE57B837-893B-408A-935B-CAC00CD7D858}.Debug|Any CPU.Build.0 = Debug|Any CPU
		{BE57B837-893B-408A-935B-CAC00CD7D858}.Release|Any CPU.ActiveCfg = Release|Any CPU
		{BE57B837-893B-408A-935B-CAC00CD7D858}.Release|Any CPU.Build.0 = Release|Any CPU
		{A869DACB-62BD-4013-902F-8B04123ED82B}.Debug|Any CPU.ActiveCfg = Debug|Any CPU
		{A869DACB-62BD-4013-902F-8B04123ED82B}.Debug|Any CPU.Build.0 = Debug|Any CPU
		{A869DACB-62BD-4013-902F-8B04123ED82B}.Release|Any CPU.ActiveCfg = Release|Any CPU
		{A869DACB-62BD-4013-902F-8B04123ED82B}.Release|Any CPU.Build.0 = Release|Any CPU
		{3937E238-021F-4E4C-B8A2-D01F58A29F3A}.Debug|Any CPU.ActiveCfg = Debug|Any CPU
		{3937E238-021F-4E4C-B8A2-D01F58A29F3A}.Debug|Any CPU.Build.0 = Debug|Any CPU
		{3937E238-021F-4E4C-B8A2-D01F58A29F3A}.Release|Any CPU.ActiveCfg = Release|Any CPU
		{3937E238-021F-4E4C-B8A2-D01F58A29F3A}.Release|Any CPU.Build.0 = Release|Any CPU
		{810EDF6F-CE4C-4DB1-9938-0E7651ED33EE}.Debug|Any CPU.ActiveCfg = Debug|Any CPU
		{810EDF6F-CE4C-4DB1-9938-0E7651ED33EE}.Debug|Any CPU.Build.0 = Debug|Any CPU
		{810EDF6F-CE4C-4DB1-9938-0E7651ED33EE}.Release|Any CPU.ActiveCfg = Release|Any CPU
		{810EDF6F-CE4C-4DB1-9938-0E7651ED33EE}.Release|Any CPU.Build.0 = Release|Any CPU
		{53C44451-496D-42C2-B5D7-E61492250CC1}.Debug|Any CPU.ActiveCfg = Debug|Any CPU
		{53C44451-496D-42C2-B5D7-E61492250CC1}.Debug|Any CPU.Build.0 = Debug|Any CPU
		{53C44451-496D-42C2-B5D7-E61492250CC1}.Release|Any CPU.ActiveCfg = Release|Any CPU
		{53C44451-496D-42C2-B5D7-E61492250CC1}.Release|Any CPU.Build.0 = Release|Any CPU
	EndGlobalSection
	GlobalSection(SolutionProperties) = preSolution
		HideSolutionNode = FALSE
	EndGlobalSection
	GlobalSection(NestedProjects) = preSolution
		{810EDF6F-CE4C-4DB1-9938-0E7651ED33EE} = {18A79B28-B1B8-408A-8992-781DA9E6E842}
		{53C44451-496D-42C2-B5D7-E61492250CC1} = {18A79B28-B1B8-408A-8992-781DA9E6E842}
	EndGlobalSection
EndGlobal
